
Microsoft Visual Studio Solution File, Format Version 12.00
# Visual Studio Version 17
VisualStudioVersion = 17.11.35327.3
MinimumVisualStudioVersion = 10.0.40219.1
Project("{8BC9CEB8-8B4A-11D0-8D11-00A0C91BC942}") = "Lab_6.1i", "Lab_6.1i\Lab_6.1i.vcxproj", "{F35C5992-49A7-4BF9-A92A-D5643175343E}"
EndProject
Project("{8BC9CEB8-8B4A-11D0-8D11-00A0C91BC942}") = "UnitTest1", "UnitTest1\UnitTest1.vcxproj", "{D5992C80-7886-43FC-BD28-89C7B5DD6E69}"
EndProject
Global
	GlobalSection(SolutionConfigurationPlatforms) = preSolution
		Debug|x64 = Debug|x64
		Debug|x86 = Debug|x86
		Release|x64 = Release|x64
		Release|x86 = Release|x86
	EndGlobalSection
	GlobalSection(ProjectConfigurationPlatforms) = postSolution
		{F35C5992-49A7-4BF9-A92A-D5643175343E}.Debug|x64.ActiveCfg = Debug|x64
		{F35C5992-49A7-4BF9-A92A-D5643175343E}.Debug|x64.Build.0 = Debug|x64
		{F35C5992-49A7-4BF9-A92A-D5643175343E}.Debug|x86.ActiveCfg = Debug|Win32
		{F35C5992-49A7-4BF9-A92A-D5643175343E}.Debug|x86.Build.0 = Debug|Win32
		{F35C5992-49A7-4BF9-A92A-D5643175343E}.Release|x64.ActiveCfg = Release|x64
		{F35C5992-49A7-4BF9-A92A-D5643175343E}.Release|x64.Build.0 = Release|x64
		{F35C5992-49A7-4BF9-A92A-D5643175343E}.Release|x86.ActiveCfg = Release|Win32
		{F35C5992-49A7-4BF9-A92A-D5643175343E}.Release|x86.Build.0 = Release|Win32
		{D5992C80-7886-43FC-BD28-89C7B5DD6E69}.Debug|x64.ActiveCfg = Debug|x64
		{D5992C80-7886-43FC-BD28-89C7B5DD6E69}.Debug|x64.Build.0 = Debug|x64
		{D5992C80-7886-43FC-BD28-89C7B5DD6E69}.Debug|x86.ActiveCfg = Debug|Win32
		{D5992C80-7886-43FC-BD28-89C7B5DD6E69}.Debug|x86.Build.0 = Debug|Win32
		{D5992C80-7886-43FC-BD28-89C7B5DD6E69}.Release|x64.ActiveCfg = Release|x64
		{D5992C80-7886-43FC-BD28-89C7B5DD6E69}.Release|x64.Build.0 = Release|x64
		{D5992C80-7886-43FC-BD28-89C7B5DD6E69}.Release|x86.ActiveCfg = Release|Win32
		{D5992C80-7886-43FC-BD28-89C7B5DD6E69}.Release|x86.Build.0 = Release|Win32
	EndGlobalSection
	GlobalSection(SolutionProperties) = preSolution
		HideSolutionNode = FALSE
	EndGlobalSection
	GlobalSection(ExtensibilityGlobals) = postSolution
		SolutionGuid = {7046471C-A63F-4D79-BA3D-EC16941019AD}
	EndGlobalSection
EndGlobal
